
Microsoft Visual Studio Solution File, Format Version 12.00
# Visual Studio 15
VisualStudioVersion = 15.0.28307.421
MinimumVisualStudioVersion = 10.0.40219.1
Project("{FAE04EC0-301F-11D3-BF4B-00C04F79EFBC}") = "thinghiem", "thinghiem\thinghiem.csproj", "{38A3D5D0-A4EF-45A2-B907-F3DE4DE8F5F6}"
EndProject
Global
	GlobalSection(SolutionConfigurationPlatforms) = preSolution
		Debug|Any CPU = Debug|Any CPU
		Release|Any CPU = Release|Any CPU
	EndGlobalSection
	GlobalSection(ProjectConfigurationPlatforms) = postSolution
		{38A3D5D0-A4EF-45A2-B907-F3DE4DE8F5F6}.Debug|Any CPU.ActiveCfg = Debug|Any CPU
		{38A3D5D0-A4EF-45A2-B907-F3DE4DE8F5F6}.Debug|Any CPU.Build.0 = Debug|Any CPU
		{38A3D5D0-A4EF-45A2-B907-F3DE4DE8F5F6}.Release|Any CPU.ActiveCfg = Release|Any CPU
		{38A3D5D0-A4EF-45A2-B907-F3DE4DE8F5F6}.Release|Any CPU.Build.0 = Release|Any CPU
	EndGlobalSection
	GlobalSection(SolutionProperties) = preSolution
		HideSolutionNode = FALSE
	EndGlobalSection
	GlobalSection(ExtensibilityGlobals) = postSolution
		SolutionGuid = {539CC648-95D9-422F-A730-621D7147CEB1}
	EndGlobalSection
EndGlobal
